// !$*UTF8*$!
{
	archiveVersion = 1;
	classes = {
	};
	objectVersion = 46;
	objects = {

/* Begin PBXBuildFile section */
		6007A0321707FDEB00B3891B /* AssetsLibrary.framework in Frameworks */ = {isa = PBXBuildFile; fileRef = 6007A0311707FDEB00B3891B /* AssetsLibrary.framework */; };
		6007A034170858FB00B3891B /* MessageUI.framework in Frameworks */ = {isa = PBXBuildFile; fileRef = 6007A033170858FB00B3891B /* MessageUI.framework */; };
		6007A0481708749000B3891B /* AGImagePickerController+Helper.m in Sources */ = {isa = PBXBuildFile; fileRef = 6007A0371708749000B3891B /* AGImagePickerController+Helper.m */; };
		6007A0491708749000B3891B /* AGImagePickerController.bundle in Resources */ = {isa = PBXBuildFile; fileRef = 6007A0381708749000B3891B /* AGImagePickerController.bundle */; };
		6007A04A1708749000B3891B /* AGImagePickerController.m in Sources */ = {isa = PBXBuildFile; fileRef = 6007A03A1708749000B3891B /* AGImagePickerController.m */; };
		6007A04B1708749000B3891B /* AGIPCAlbumsController.m in Sources */ = {isa = PBXBuildFile; fileRef = 6007A03D1708749000B3891B /* AGIPCAlbumsController.m */; };
		6007A04D1708749000B3891B /* AGIPCGridCell.m in Sources */ = {isa = PBXBuildFile; fileRef = 6007A0411708749000B3891B /* AGIPCGridCell.m */; };
		6007A04E1708749000B3891B /* AGIPCGridItem.m in Sources */ = {isa = PBXBuildFile; fileRef = 6007A0431708749000B3891B /* AGIPCGridItem.m */; };
		6007A04F1708749000B3891B /* AGIPCToolbarItem.m in Sources */ = {isa = PBXBuildFile; fileRef = 6007A0451708749000B3891B /* AGIPCToolbarItem.m */; };
		6007A0501708749000B3891B /* ALAsset+AGIPC.m in Sources */ = {isa = PBXBuildFile; fileRef = 6007A0471708749000B3891B /* ALAsset+AGIPC.m */; };
		605EC6851710F19800DD4D82 /* AGIPCAssetsController.m in Sources */ = {isa = PBXBuildFile; fileRef = 605EC6841710F19800DD4D82 /* AGIPCAssetsController.m */; };
		F701F121170E7C0E000D6EE8 /* LogInViewController.m in Sources */ = {isa = PBXBuildFile; fileRef = F701F120170E7C0E000D6EE8 /* LogInViewController.m */; };
		F72E188F170BE05600CF4962 /* ShareTextsCell.m in Sources */ = {isa = PBXBuildFile; fileRef = F72E188E170BE05600CF4962 /* ShareTextsCell.m */; };
		F73C26CA170E1DB0005628EB /* iPhoneIcon_Small (1).png in Resources */ = {isa = PBXBuildFile; fileRef = F73C26C9170E1DB0005628EB /* iPhoneIcon_Small (1).png */; };
		F73C26CB170E1DCC005628EB /* iPhoneIcon_Big (1).png in Resources */ = {isa = PBXBuildFile; fileRef = F73C26C5170E16BF005628EB /* iPhoneIcon_Big (1).png */; };
		F73C26CE170E1DF0005628EB /* iPhoneIcon_Small (1).png in Resources */ = {isa = PBXBuildFile; fileRef = F73C26CC170E1DF0005628EB /* iPhoneIcon_Small (1).png */; };
		F73C26CF170E1DF0005628EB /* iPhoneIcon_Big (1).png in Resources */ = {isa = PBXBuildFile; fileRef = F73C26CD170E1DF0005628EB /* iPhoneIcon_Big (1).png */; };
		F79420F217127C6000D2A34E /* iPadBackgroundTexture-brown.png in Resources */ = {isa = PBXBuildFile; fileRef = F79420F117127C6000D2A34E /* iPadBackgroundTexture-brown.png */; };
		F79EF0981704B93C006867B7 /* AddTextsTableViewController.m in Sources */ = {isa = PBXBuildFile; fileRef = F79EF0971704B93C006867B7 /* AddTextsTableViewController.m */; };
		F7A936F61702603D009E5FCA /* UIKit.framework in Frameworks */ = {isa = PBXBuildFile; fileRef = F7A936F51702603D009E5FCA /* UIKit.framework */; };
		F7A936F81702603D009E5FCA /* Foundation.framework in Frameworks */ = {isa = PBXBuildFile; fileRef = F7A936F71702603D009E5FCA /* Foundation.framework */; };
		F7A936FA1702603D009E5FCA /* CoreGraphics.framework in Frameworks */ = {isa = PBXBuildFile; fileRef = F7A936F91702603D009E5FCA /* CoreGraphics.framework */; };
		F7A937001702603D009E5FCA /* InfoPlist.strings in Resources */ = {isa = PBXBuildFile; fileRef = F7A936FE1702603D009E5FCA /* InfoPlist.strings */; };
		F7A937021702603D009E5FCA /* main.m in Sources */ = {isa = PBXBuildFile; fileRef = F7A937011702603D009E5FCA /* main.m */; };
		F7A937061702603D009E5FCA /* ShareTextsAppDelegate.m in Sources */ = {isa = PBXBuildFile; fileRef = F7A937051702603D009E5FCA /* ShareTextsAppDelegate.m */; };
		F7A937081702603D009E5FCA /* Default.png in Resources */ = {isa = PBXBuildFile; fileRef = F7A937071702603D009E5FCA /* Default.png */; };
		F7A9370A1702603D009E5FCA /* Default@2x.png in Resources */ = {isa = PBXBuildFile; fileRef = F7A937091702603D009E5FCA /* Default@2x.png */; };
		F7A9370C1702603D009E5FCA /* Default-568h@2x.png in Resources */ = {isa = PBXBuildFile; fileRef = F7A9370B1702603D009E5FCA /* Default-568h@2x.png */; };
		F7A9370F1702603D009E5FCA /* MainStoryboard.storyboard in Resources */ = {isa = PBXBuildFile; fileRef = F7A9370D1702603D009E5FCA /* MainStoryboard.storyboard */; };
		F7A937121702603D009E5FCA /* ShareTextsFirstViewController.m in Sources */ = {isa = PBXBuildFile; fileRef = F7A937111702603D009E5FCA /* ShareTextsFirstViewController.m */; };
		F7A937141702603D009E5FCA /* first.png in Resources */ = {isa = PBXBuildFile; fileRef = F7A937131702603D009E5FCA /* first.png */; };
		F7A937161702603D009E5FCA /* first@2x.png in Resources */ = {isa = PBXBuildFile; fileRef = F7A937151702603D009E5FCA /* first@2x.png */; };
		F7A9371B1702603D009E5FCA /* second.png in Resources */ = {isa = PBXBuildFile; fileRef = F7A9371A1702603D009E5FCA /* second.png */; };
		F7A9371D1702603D009E5FCA /* second@2x.png in Resources */ = {isa = PBXBuildFile; fileRef = F7A9371C1702603D009E5FCA /* second@2x.png */; };
		F7BEDE6A170C880F000F1108 /* testTableViewController.m in Sources */ = {isa = PBXBuildFile; fileRef = F7BEDE69170C880F000F1108 /* testTableViewController.m */; };
		F7BEDE6C170D2A20000F1108 /* addConversationButton.png in Resources */ = {isa = PBXBuildFile; fileRef = F7BEDE6B170D2A20000F1108 /* addConversationButton.png */; };
		F7BEDE6E170D2D34000F1108 /* previousConvosSent.png in Resources */ = {isa = PBXBuildFile; fileRef = F7BEDE6D170D2D34000F1108 /* previousConvosSent.png */; };
		F7BEDE70170DE67F000F1108 /* nav-bar-background-normal@2x.png in Resources */ = {isa = PBXBuildFile; fileRef = F7BEDE6F170DE67F000F1108 /* nav-bar-background-normal@2x.png */; };
		F7BEDE72170DE6B8000F1108 /* header@2x.png in Resources */ = {isa = PBXBuildFile; fileRef = F7BEDE71170DE6B8000F1108 /* header@2x.png */; };
		F7C6FC17170F397200F53F51 /* doneButton@2x.png in Resources */ = {isa = PBXBuildFile; fileRef = F7C6FC16170F397200F53F51 /* doneButton@2x.png */; };
		F7C6FC19170F3BE600F53F51 /* googlebutton.png in Resources */ = {isa = PBXBuildFile; fileRef = F7C6FC18170F3BE600F53F51 /* googlebutton.png */; };
		F7C6FC1D170F3E0E00F53F51 /* facebookbutton.png in Resources */ = {isa = PBXBuildFile; fileRef = F7C6FC1C170F3E0E00F53F51 /* facebookbutton.png */; };
		F7C6FC20170F3F6B00F53F51 /* SignUpViewController.m in Sources */ = {isa = PBXBuildFile; fileRef = F7C6FC1F170F3F6B00F53F51 /* SignUpViewController.m */; };
		F7C6FC231710A53500F53F51 /* TestTableCell.m in Sources */ = {isa = PBXBuildFile; fileRef = F7C6FC221710A53500F53F51 /* TestTableCell.m */; };
/* End PBXBuildFile section */

/* Begin PBXFileReference section */
		6007A0311707FDEB00B3891B /* AssetsLibrary.framework */ = {isa = PBXFileReference; lastKnownFileType = wrapper.framework; name = AssetsLibrary.framework; path = System/Library/Frameworks/AssetsLibrary.framework; sourceTree = SDKROOT; };
		6007A033170858FB00B3891B /* MessageUI.framework */ = {isa = PBXFileReference; lastKnownFileType = wrapper.framework; name = MessageUI.framework; path = System/Library/Frameworks/MessageUI.framework; sourceTree = SDKROOT; };
		6007A0361708749000B3891B /* AGImagePickerController+Helper.h */ = {isa = PBXFileReference; fileEncoding = 4; lastKnownFileType = sourcecode.c.h; path = "AGImagePickerController+Helper.h"; sourceTree = "<group>"; };
		6007A0371708749000B3891B /* AGImagePickerController+Helper.m */ = {isa = PBXFileReference; fileEncoding = 4; lastKnownFileType = sourcecode.c.objc; path = "AGImagePickerController+Helper.m"; sourceTree = "<group>"; };
		6007A0381708749000B3891B /* AGImagePickerController.bundle */ = {isa = PBXFileReference; lastKnownFileType = "wrapper.plug-in"; path = AGImagePickerController.bundle; sourceTree = "<group>"; };
		6007A0391708749000B3891B /* AGImagePickerController.h */ = {isa = PBXFileReference; fileEncoding = 4; lastKnownFileType = sourcecode.c.h; path = AGImagePickerController.h; sourceTree = "<group>"; };
		6007A03A1708749000B3891B /* AGImagePickerController.m */ = {isa = PBXFileReference; fileEncoding = 4; lastKnownFileType = sourcecode.c.objc; path = AGImagePickerController.m; sourceTree = "<group>"; };
		6007A03B1708749000B3891B /* AGImagePickerControllerDefines.h */ = {isa = PBXFileReference; fileEncoding = 4; lastKnownFileType = sourcecode.c.h; path = AGImagePickerControllerDefines.h; sourceTree = "<group>"; };
		6007A03C1708749000B3891B /* AGIPCAlbumsController.h */ = {isa = PBXFileReference; fileEncoding = 4; lastKnownFileType = sourcecode.c.h; path = AGIPCAlbumsController.h; sourceTree = "<group>"; };
		6007A03D1708749000B3891B /* AGIPCAlbumsController.m */ = {isa = PBXFileReference; fileEncoding = 4; lastKnownFileType = sourcecode.c.objc; path = AGIPCAlbumsController.m; sourceTree = "<group>"; };
		6007A0401708749000B3891B /* AGIPCGridCell.h */ = {isa = PBXFileReference; fileEncoding = 4; lastKnownFileType = sourcecode.c.h; path = AGIPCGridCell.h; sourceTree = "<group>"; };
		6007A0411708749000B3891B /* AGIPCGridCell.m */ = {isa = PBXFileReference; fileEncoding = 4; lastKnownFileType = sourcecode.c.objc; path = AGIPCGridCell.m; sourceTree = "<group>"; };
		6007A0421708749000B3891B /* AGIPCGridItem.h */ = {isa = PBXFileReference; fileEncoding = 4; lastKnownFileType = sourcecode.c.h; path = AGIPCGridItem.h; sourceTree = "<group>"; };
		6007A0431708749000B3891B /* AGIPCGridItem.m */ = {isa = PBXFileReference; fileEncoding = 4; lastKnownFileType = sourcecode.c.objc; path = AGIPCGridItem.m; sourceTree = "<group>"; };
		6007A0441708749000B3891B /* AGIPCToolbarItem.h */ = {isa = PBXFileReference; fileEncoding = 4; lastKnownFileType = sourcecode.c.h; path = AGIPCToolbarItem.h; sourceTree = "<group>"; };
		6007A0451708749000B3891B /* AGIPCToolbarItem.m */ = {isa = PBXFileReference; fileEncoding = 4; lastKnownFileType = sourcecode.c.objc; path = AGIPCToolbarItem.m; sourceTree = "<group>"; };
		6007A0461708749000B3891B /* ALAsset+AGIPC.h */ = {isa = PBXFileReference; fileEncoding = 4; lastKnownFileType = sourcecode.c.h; path = "ALAsset+AGIPC.h"; sourceTree = "<group>"; };
		6007A0471708749000B3891B /* ALAsset+AGIPC.m */ = {isa = PBXFileReference; fileEncoding = 4; lastKnownFileType = sourcecode.c.objc; path = "ALAsset+AGIPC.m"; sourceTree = "<group>"; };
		605EC6841710F19800DD4D82 /* AGIPCAssetsController.m */ = {isa = PBXFileReference; fileEncoding = 4; lastKnownFileType = sourcecode.c.objc; path = AGIPCAssetsController.m; sourceTree = "<group>"; };
		605EC6861710F1D400DD4D82 /* AGIPCAssetsController.h */ = {isa = PBXFileReference; lastKnownFileType = sourcecode.c.h; path = AGIPCAssetsController.h; sourceTree = "<group>"; };
		F701F11F170E7C0E000D6EE8 /* LogInViewController.h */ = {isa = PBXFileReference; fileEncoding = 4; lastKnownFileType = sourcecode.c.h; path = LogInViewController.h; sourceTree = "<group>"; };
		F701F120170E7C0E000D6EE8 /* LogInViewController.m */ = {isa = PBXFileReference; fileEncoding = 4; lastKnownFileType = sourcecode.c.objc; path = LogInViewController.m; sourceTree = "<group>"; };
		F72E188D170BE05600CF4962 /* ShareTextsCell.h */ = {isa = PBXFileReference; fileEncoding = 4; lastKnownFileType = sourcecode.c.h; path = ShareTextsCell.h; sourceTree = SOURCE_ROOT; };
		F72E188E170BE05600CF4962 /* ShareTextsCell.m */ = {isa = PBXFileReference; fileEncoding = 4; lastKnownFileType = sourcecode.c.objc; path = ShareTextsCell.m; sourceTree = SOURCE_ROOT; };
		F73C26C5170E16BF005628EB /* iPhoneIcon_Big (1).png */ = {isa = PBXFileReference; lastKnownFileType = image.png; path = "iPhoneIcon_Big (1).png"; sourceTree = "<group>"; };
		F73C26C7170E16F3005628EB /* iPhoneIcon_small.png */ = {isa = PBXFileReference; lastKnownFileType = image.png; path = iPhoneIcon_small.png; sourceTree = "<group>"; };
		F73C26C9170E1DB0005628EB /* iPhoneIcon_Small (1).png */ = {isa = PBXFileReference; lastKnownFileType = image.png; path = "iPhoneIcon_Small (1).png"; sourceTree = "<group>"; };
		F73C26CC170E1DF0005628EB /* iPhoneIcon_Small (1).png */ = {isa = PBXFileReference; lastKnownFileType = image.png; path = "iPhoneIcon_Small (1).png"; sourceTree = "<group>"; };
		F73C26CD170E1DF0005628EB /* iPhoneIcon_Big (1).png */ = {isa = PBXFileReference; lastKnownFileType = image.png; path = "iPhoneIcon_Big (1).png"; sourceTree = "<group>"; };
		F79420F117127C6000D2A34E /* iPadBackgroundTexture-brown.png */ = {isa = PBXFileReference; lastKnownFileType = image.png; name = "iPadBackgroundTexture-brown.png"; path = "../../iPadBackgroundTexture-brown.png"; sourceTree = "<group>"; };
		F79EF0961704B93C006867B7 /* AddTextsTableViewController.h */ = {isa = PBXFileReference; fileEncoding = 4; lastKnownFileType = sourcecode.c.h; name = AddTextsTableViewController.h; path = ../AddTextsTableViewController.h; sourceTree = "<group>"; };
		F79EF0971704B93C006867B7 /* AddTextsTableViewController.m */ = {isa = PBXFileReference; fileEncoding = 4; lastKnownFileType = sourcecode.c.objc; name = AddTextsTableViewController.m; path = ../AddTextsTableViewController.m; sourceTree = "<group>"; };
		F7A936F21702603D009E5FCA /* ShareTexts.app */ = {isa = PBXFileReference; explicitFileType = wrapper.application; includeInIndex = 0; path = ShareTexts.app; sourceTree = BUILT_PRODUCTS_DIR; };
		F7A936F51702603D009E5FCA /* UIKit.framework */ = {isa = PBXFileReference; lastKnownFileType = wrapper.framework; name = UIKit.framework; path = System/Library/Frameworks/UIKit.framework; sourceTree = SDKROOT; };
		F7A936F71702603D009E5FCA /* Foundation.framework */ = {isa = PBXFileReference; lastKnownFileType = wrapper.framework; name = Foundation.framework; path = System/Library/Frameworks/Foundation.framework; sourceTree = SDKROOT; };
		F7A936F91702603D009E5FCA /* CoreGraphics.framework */ = {isa = PBXFileReference; lastKnownFileType = wrapper.framework; name = CoreGraphics.framework; path = System/Library/Frameworks/CoreGraphics.framework; sourceTree = SDKROOT; };
		F7A936FD1702603D009E5FCA /* ShareTexts-Info.plist */ = {isa = PBXFileReference; lastKnownFileType = text.plist.xml; path = "ShareTexts-Info.plist"; sourceTree = "<group>"; };
		F7A936FF1702603D009E5FCA /* en */ = {isa = PBXFileReference; lastKnownFileType = text.plist.strings; name = en; path = en.lproj/InfoPlist.strings; sourceTree = "<group>"; };
		F7A937011702603D009E5FCA /* main.m */ = {isa = PBXFileReference; lastKnownFileType = sourcecode.c.objc; path = main.m; sourceTree = "<group>"; };
		F7A937031702603D009E5FCA /* ShareTexts-Prefix.pch */ = {isa = PBXFileReference; lastKnownFileType = sourcecode.c.h; path = "ShareTexts-Prefix.pch"; sourceTree = "<group>"; };
		F7A937041702603D009E5FCA /* ShareTextsAppDelegate.h */ = {isa = PBXFileReference; lastKnownFileType = sourcecode.c.h; path = ShareTextsAppDelegate.h; sourceTree = "<group>"; };
		F7A937051702603D009E5FCA /* ShareTextsAppDelegate.m */ = {isa = PBXFileReference; lastKnownFileType = sourcecode.c.objc; path = ShareTextsAppDelegate.m; sourceTree = "<group>"; };
		F7A937071702603D009E5FCA /* Default.png */ = {isa = PBXFileReference; lastKnownFileType = image.png; path = Default.png; sourceTree = "<group>"; };
		F7A937091702603D009E5FCA /* Default@2x.png */ = {isa = PBXFileReference; lastKnownFileType = image.png; path = "Default@2x.png"; sourceTree = "<group>"; };
		F7A9370B1702603D009E5FCA /* Default-568h@2x.png */ = {isa = PBXFileReference; lastKnownFileType = image.png; path = "Default-568h@2x.png"; sourceTree = "<group>"; };
		F7A9370E1702603D009E5FCA /* en */ = {isa = PBXFileReference; lastKnownFileType = file.storyboard; name = en; path = en.lproj/MainStoryboard.storyboard; sourceTree = "<group>"; };
		F7A937101702603D009E5FCA /* ShareTextsFirstViewController.h */ = {isa = PBXFileReference; lastKnownFileType = sourcecode.c.h; path = ShareTextsFirstViewController.h; sourceTree = "<group>"; };
		F7A937111702603D009E5FCA /* ShareTextsFirstViewController.m */ = {isa = PBXFileReference; lastKnownFileType = sourcecode.c.objc; path = ShareTextsFirstViewController.m; sourceTree = "<group>"; };
		F7A937131702603D009E5FCA /* first.png */ = {isa = PBXFileReference; lastKnownFileType = image.png; path = first.png; sourceTree = "<group>"; };
		F7A937151702603D009E5FCA /* first@2x.png */ = {isa = PBXFileReference; lastKnownFileType = image.png; path = "first@2x.png"; sourceTree = "<group>"; };
		F7A9371A1702603D009E5FCA /* second.png */ = {isa = PBXFileReference; lastKnownFileType = image.png; path = second.png; sourceTree = "<group>"; };
		F7A9371C1702603D009E5FCA /* second@2x.png */ = {isa = PBXFileReference; lastKnownFileType = image.png; path = "second@2x.png"; sourceTree = "<group>"; };
		F7BEDE68170C880F000F1108 /* testTableViewController.h */ = {isa = PBXFileReference; fileEncoding = 4; lastKnownFileType = sourcecode.c.h; name = testTableViewController.h; path = ../testTableViewController.h; sourceTree = "<group>"; };
		F7BEDE69170C880F000F1108 /* testTableViewController.m */ = {isa = PBXFileReference; fileEncoding = 4; lastKnownFileType = sourcecode.c.objc; name = testTableViewController.m; path = ../testTableViewController.m; sourceTree = "<group>"; };
		F7BEDE6B170D2A20000F1108 /* addConversationButton.png */ = {isa = PBXFileReference; lastKnownFileType = image.png; path = addConversationButton.png; sourceTree = "<group>"; };
		F7BEDE6D170D2D34000F1108 /* previousConvosSent.png */ = {isa = PBXFileReference; lastKnownFileType = image.png; path = previousConvosSent.png; sourceTree = "<group>"; };
		F7BEDE6F170DE67F000F1108 /* nav-bar-background-normal@2x.png */ = {isa = PBXFileReference; lastKnownFileType = image.png; path = "nav-bar-background-normal@2x.png"; sourceTree = "<group>"; };
		F7BEDE71170DE6B8000F1108 /* header@2x.png */ = {isa = PBXFileReference; lastKnownFileType = image.png; path = "header@2x.png"; sourceTree = "<group>"; };
		F7C6FC16170F397200F53F51 /* doneButton@2x.png */ = {isa = PBXFileReference; lastKnownFileType = image.png; path = "doneButton@2x.png"; sourceTree = "<group>"; };
		F7C6FC18170F3BE600F53F51 /* googlebutton.png */ = {isa = PBXFileReference; lastKnownFileType = image.png; path = googlebutton.png; sourceTree = "<group>"; };
		F7C6FC1C170F3E0E00F53F51 /* facebookbutton.png */ = {isa = PBXFileReference; lastKnownFileType = image.png; name = facebookbutton.png; path = ../facebookbutton.png; sourceTree = "<group>"; };
		F7C6FC1E170F3F6B00F53F51 /* SignUpViewController.h */ = {isa = PBXFileReference; fileEncoding = 4; lastKnownFileType = sourcecode.c.h; path = SignUpViewController.h; sourceTree = "<group>"; };
		F7C6FC1F170F3F6B00F53F51 /* SignUpViewController.m */ = {isa = PBXFileReference; fileEncoding = 4; lastKnownFileType = sourcecode.c.objc; path = SignUpViewController.m; sourceTree = "<group>"; };
		F7C6FC211710A53500F53F51 /* TestTableCell.h */ = {isa = PBXFileReference; fileEncoding = 4; lastKnownFileType = sourcecode.c.h; path = TestTableCell.h; sourceTree = "<group>"; };
		F7C6FC221710A53500F53F51 /* TestTableCell.m */ = {isa = PBXFileReference; fileEncoding = 4; lastKnownFileType = sourcecode.c.objc; path = TestTableCell.m; sourceTree = "<group>"; };
/* End PBXFileReference section */

/* Begin PBXFrameworksBuildPhase section */
		F7A936EF1702603D009E5FCA /* Frameworks */ = {
			isa = PBXFrameworksBuildPhase;
			buildActionMask = 2147483647;
			files = (
				6007A034170858FB00B3891B /* MessageUI.framework in Frameworks */,
				6007A0321707FDEB00B3891B /* AssetsLibrary.framework in Frameworks */,
				F7A936F61702603D009E5FCA /* UIKit.framework in Frameworks */,
				F7A936F81702603D009E5FCA /* Foundation.framework in Frameworks */,
				F7A936FA1702603D009E5FCA /* CoreGraphics.framework in Frameworks */,
			);
			runOnlyForDeploymentPostprocessing = 0;
		};
/* End PBXFrameworksBuildPhase section */

/* Begin PBXGroup section */
		6007A0121707B9E700B3891B /* Controllers */ = {
			isa = PBXGroup;
			children = (
				F701F11F170E7C0E000D6EE8 /* LogInViewController.h */,
				F701F120170E7C0E000D6EE8 /* LogInViewController.m */,
				F7C6FC1E170F3F6B00F53F51 /* SignUpViewController.h */,
				F7C6FC1F170F3F6B00F53F51 /* SignUpViewController.m */,
				F7BEDE68170C880F000F1108 /* testTableViewController.h */,
				F7BEDE69170C880F000F1108 /* testTableViewController.m */,
				F72E188D170BE05600CF4962 /* ShareTextsCell.h */,
				F72E188E170BE05600CF4962 /* ShareTextsCell.m */,
				F7C6FC211710A53500F53F51 /* TestTableCell.h */,
				F7C6FC221710A53500F53F51 /* TestTableCell.m */,
				F79EF0961704B93C006867B7 /* AddTextsTableViewController.h */,
				F79EF0971704B93C006867B7 /* AddTextsTableViewController.m */,
				F7A937101702603D009E5FCA /* ShareTextsFirstViewController.h */,
				F7A937111702603D009E5FCA /* ShareTextsFirstViewController.m */,
			);
			name = Controllers;
			sourceTree = "<group>";
		};
		6007A0131707B9FE00B3891B /* images */ = {
			isa = PBXGroup;
			children = (
				F7A937131702603D009E5FCA /* first.png */,
				F7A937151702603D009E5FCA /* first@2x.png */,
				F7A9371A1702603D009E5FCA /* second.png */,
				F7A9371C1702603D009E5FCA /* second@2x.png */,
			);
			name = images;
			sourceTree = "<group>";
		};
		6007A0141707BA3000B3891B /* View */ = {
			isa = PBXGroup;
			children = (
				F7A9370D1702603D009E5FCA /* MainStoryboard.storyboard */,
			);
			name = View;
			sourceTree = "<group>";
		};
		6007A0351708749000B3891B /* AGImagePickerController */ = {
			isa = PBXGroup;
			children = (
				6007A0361708749000B3891B /* AGImagePickerController+Helper.h */,
				6007A0371708749000B3891B /* AGImagePickerController+Helper.m */,
				6007A0381708749000B3891B /* AGImagePickerController.bundle */,
				6007A0391708749000B3891B /* AGImagePickerController.h */,
				6007A03A1708749000B3891B /* AGImagePickerController.m */,
				6007A03B1708749000B3891B /* AGImagePickerControllerDefines.h */,
				605EC6861710F1D400DD4D82 /* AGIPCAssetsController.h */,
				6007A03C1708749000B3891B /* AGIPCAlbumsController.h */,
				6007A03D1708749000B3891B /* AGIPCAlbumsController.m */,
				605EC6841710F19800DD4D82 /* AGIPCAssetsController.m */,
				6007A0401708749000B3891B /* AGIPCGridCell.h */,
				6007A0411708749000B3891B /* AGIPCGridCell.m */,
				6007A0421708749000B3891B /* AGIPCGridItem.h */,
				6007A0431708749000B3891B /* AGIPCGridItem.m */,
				6007A0441708749000B3891B /* AGIPCToolbarItem.h */,
				6007A0451708749000B3891B /* AGIPCToolbarItem.m */,
				6007A0461708749000B3891B /* ALAsset+AGIPC.h */,
				6007A0471708749000B3891B /* ALAsset+AGIPC.m */,
			);
			path = AGImagePickerController;
			sourceTree = "<group>";
		};
		F7A936E91702603D009E5FCA = {
			isa = PBXGroup;
			children = (
				F73C26C9170E1DB0005628EB /* iPhoneIcon_Small (1).png */,
				F73C26C7170E16F3005628EB /* iPhoneIcon_small.png */,
				F73C26C5170E16BF005628EB /* iPhoneIcon_Big (1).png */,
				6007A0351708749000B3891B /* AGImagePickerController */,
				6007A033170858FB00B3891B /* MessageUI.framework */,
				6007A0311707FDEB00B3891B /* AssetsLibrary.framework */,
				F7A936FB1702603D009E5FCA /* ShareTexts */,
				F7A936F41702603D009E5FCA /* Frameworks */,
				F7A936F31702603D009E5FCA /* Products */,
			);
			sourceTree = "<group>";
		};
		F7A936F31702603D009E5FCA /* Products */ = {
			isa = PBXGroup;
			children = (
				F7A936F21702603D009E5FCA /* ShareTexts.app */,
			);
			name = Products;
			sourceTree = "<group>";
		};
		F7A936F41702603D009E5FCA /* Frameworks */ = {
			isa = PBXGroup;
			children = (
				F7A936F51702603D009E5FCA /* UIKit.framework */,
				F7A936F71702603D009E5FCA /* Foundation.framework */,
				F7A936F91702603D009E5FCA /* CoreGraphics.framework */,
			);
			name = Frameworks;
			sourceTree = "<group>";
		};
		F7A936FB1702603D009E5FCA /* ShareTexts */ = {
			isa = PBXGroup;
			children = (
				6007A0131707B9FE00B3891B /* images */,
				6007A0141707BA3000B3891B /* View */,
				6007A0121707B9E700B3891B /* Controllers */,
				F7A937041702603D009E5FCA /* ShareTextsAppDelegate.h */,
				F7A937051702603D009E5FCA /* ShareTextsAppDelegate.m */,
				F7A936FC1702603D009E5FCA /* Supporting Files */,
			);
			path = ShareTexts;
			sourceTree = "<group>";
		};
		F7A936FC1702603D009E5FCA /* Supporting Files */ = {
			isa = PBXGroup;
			children = (
				F7C6FC1C170F3E0E00F53F51 /* facebookbutton.png */,
				F79420F117127C6000D2A34E /* iPadBackgroundTexture-brown.png */,
				F7C6FC18170F3BE600F53F51 /* googlebutton.png */,
				F7C6FC16170F397200F53F51 /* doneButton@2x.png */,
				F73C26CC170E1DF0005628EB /* iPhoneIcon_Small (1).png */,
				F73C26CD170E1DF0005628EB /* iPhoneIcon_Big (1).png */,
				F7BEDE6F170DE67F000F1108 /* nav-bar-background-normal@2x.png */,
				F7BEDE71170DE6B8000F1108 /* header@2x.png */,
				F7A936FD1702603D009E5FCA /* ShareTexts-Info.plist */,
				F7A936FE1702603D009E5FCA /* InfoPlist.strings */,
				F7A937011702603D009E5FCA /* main.m */,
				F7A937031702603D009E5FCA /* ShareTexts-Prefix.pch */,
				F7A937071702603D009E5FCA /* Default.png */,
				F7A937091702603D009E5FCA /* Default@2x.png */,
				F7BEDE6B170D2A20000F1108 /* addConversationButton.png */,
				F7BEDE6D170D2D34000F1108 /* previousConvosSent.png */,
				F7A9370B1702603D009E5FCA /* Default-568h@2x.png */,
			);
			name = "Supporting Files";
			sourceTree = "<group>";
		};
/* End PBXGroup section */

/* Begin PBXNativeTarget section */
		F7A936F11702603D009E5FCA /* ShareTexts */ = {
			isa = PBXNativeTarget;
			buildConfigurationList = F7A937201702603D009E5FCA /* Build configuration list for PBXNativeTarget "ShareTexts" */;
			buildPhases = (
				F7A936EE1702603D009E5FCA /* Sources */,
				F7A936EF1702603D009E5FCA /* Frameworks */,
				F7A936F01702603D009E5FCA /* Resources */,
			);
			buildRules = (
			);
			dependencies = (
			);
			name = ShareTexts;
			productName = ShareTexts;
			productReference = F7A936F21702603D009E5FCA /* ShareTexts.app */;
			productType = "com.apple.product-type.application";
		};
/* End PBXNativeTarget section */

/* Begin PBXProject section */
		F7A936EA1702603D009E5FCA /* Project object */ = {
			isa = PBXProject;
			attributes = {
				CLASSPREFIX = ShareTexts;
				LastUpgradeCheck = 0460;
				ORGANIZATIONNAME = stavro;
			};
			buildConfigurationList = F7A936ED1702603D009E5FCA /* Build configuration list for PBXProject "ShareTexts" */;
			compatibilityVersion = "Xcode 3.2";
			developmentRegion = English;
			hasScannedForEncodings = 0;
			knownRegions = (
				en,
			);
			mainGroup = F7A936E91702603D009E5FCA;
			productRefGroup = F7A936F31702603D009E5FCA /* Products */;
			projectDirPath = "";
			projectRoot = "";
			targets = (
				F7A936F11702603D009E5FCA /* ShareTexts */,
			);
		};
/* End PBXProject section */

/* Begin PBXResourcesBuildPhase section */
		F7A936F01702603D009E5FCA /* Resources */ = {
			isa = PBXResourcesBuildPhase;
			buildActionMask = 2147483647;
			files = (
				F7A937001702603D009E5FCA /* InfoPlist.strings in Resources */,
				F7A937081702603D009E5FCA /* Default.png in Resources */,
				F7A9370A1702603D009E5FCA /* Default@2x.png in Resources */,
				F7A9370C1702603D009E5FCA /* Default-568h@2x.png in Resources */,
				F7A9370F1702603D009E5FCA /* MainStoryboard.storyboard in Resources */,
				F7A937141702603D009E5FCA /* first.png in Resources */,
				F7A937161702603D009E5FCA /* first@2x.png in Resources */,
				F7A9371B1702603D009E5FCA /* second.png in Resources */,
				F7A9371D1702603D009E5FCA /* second@2x.png in Resources */,
				6007A0491708749000B3891B /* AGImagePickerController.bundle in Resources */,
				F7BEDE6C170D2A20000F1108 /* addConversationButton.png in Resources */,
				F7BEDE6E170D2D34000F1108 /* previousConvosSent.png in Resources */,
				F7BEDE70170DE67F000F1108 /* nav-bar-background-normal@2x.png in Resources */,
				F7BEDE72170DE6B8000F1108 /* header@2x.png in Resources */,
				F73C26CA170E1DB0005628EB /* iPhoneIcon_Small (1).png in Resources */,
				F73C26CB170E1DCC005628EB /* iPhoneIcon_Big (1).png in Resources */,
				F73C26CE170E1DF0005628EB /* iPhoneIcon_Small (1).png in Resources */,
				F73C26CF170E1DF0005628EB /* iPhoneIcon_Big (1).png in Resources */,
				F7C6FC17170F397200F53F51 /* doneButton@2x.png in Resources */,
				F7C6FC19170F3BE600F53F51 /* googlebutton.png in Resources */,
				F7C6FC1D170F3E0E00F53F51 /* facebookbutton.png in Resources */,
				F79420F217127C6000D2A34E /* iPadBackgroundTexture-brown.png in Resources */,
			);
			runOnlyForDeploymentPostprocessing = 0;
		};
/* End PBXResourcesBuildPhase section */

/* Begin PBXSourcesBuildPhase section */
		F7A936EE1702603D009E5FCA /* Sources */ = {
			isa = PBXSourcesBuildPhase;
			buildActionMask = 2147483647;
			files = (
				F7A937021702603D009E5FCA /* main.m in Sources */,
				F7A937061702603D009E5FCA /* ShareTextsAppDelegate.m in Sources */,
				F7A937121702603D009E5FCA /* ShareTextsFirstViewController.m in Sources */,
				F79EF0981704B93C006867B7 /* AddTextsTableViewController.m in Sources */,
				6007A0481708749000B3891B /* AGImagePickerController+Helper.m in Sources */,
				6007A04A1708749000B3891B /* AGImagePickerController.m in Sources */,
				6007A04B1708749000B3891B /* AGIPCAlbumsController.m in Sources */,
				6007A04D1708749000B3891B /* AGIPCGridCell.m in Sources */,
				6007A04E1708749000B3891B /* AGIPCGridItem.m in Sources */,
				6007A04F1708749000B3891B /* AGIPCToolbarItem.m in Sources */,
				6007A0501708749000B3891B /* ALAsset+AGIPC.m in Sources */,
				F72E188F170BE05600CF4962 /* ShareTextsCell.m in Sources */,
				F7BEDE6A170C880F000F1108 /* testTableViewController.m in Sources */,
				F701F121170E7C0E000D6EE8 /* LogInViewController.m in Sources */,
				F7C6FC20170F3F6B00F53F51 /* SignUpViewController.m in Sources */,
				F7C6FC231710A53500F53F51 /* TestTableCell.m in Sources */,
				605EC6851710F19800DD4D82 /* AGIPCAssetsController.m in Sources */,
			);
			runOnlyForDeploymentPostprocessing = 0;
		};
/* End PBXSourcesBuildPhase section */

/* Begin PBXVariantGroup section */
		F7A936FE1702603D009E5FCA /* InfoPlist.strings */ = {
			isa = PBXVariantGroup;
			children = (
				F7A936FF1702603D009E5FCA /* en */,
			);
			name = InfoPlist.strings;
			sourceTree = "<group>";
		};
		F7A9370D1702603D009E5FCA /* MainStoryboard.storyboard */ = {
			isa = PBXVariantGroup;
			children = (
				F7A9370E1702603D009E5FCA /* en */,
			);
			name = MainStoryboard.storyboard;
			sourceTree = "<group>";
		};
/* End PBXVariantGroup section */

/* Begin XCBuildConfiguration section */
		F7A9371E1702603D009E5FCA /* Debug */ = {
			isa = XCBuildConfiguration;
			buildSettings = {
				ALWAYS_SEARCH_USER_PATHS = NO;
				CLANG_CXX_LANGUAGE_STANDARD = "gnu++0x";
				CLANG_CXX_LIBRARY = "libc++";
				CLANG_ENABLE_OBJC_ARC = YES;
				CLANG_WARN_CONSTANT_CONVERSION = YES;
				CLANG_WARN_EMPTY_BODY = YES;
				CLANG_WARN_ENUM_CONVERSION = YES;
				CLANG_WARN_INT_CONVERSION = YES;
				CLANG_WARN__DUPLICATE_METHOD_MATCH = YES;
				"CODE_SIGN_IDENTITY[sdk=iphoneos*]" = "iPhone Developer";
				COPY_PHASE_STRIP = NO;
				GCC_C_LANGUAGE_STANDARD = gnu99;
				GCC_DYNAMIC_NO_PIC = NO;
				GCC_OPTIMIZATION_LEVEL = 0;
				GCC_PREPROCESSOR_DEFINITIONS = (
					"DEBUG=1",
					"$(inherited)",
				);
				GCC_SYMBOLS_PRIVATE_EXTERN = NO;
				GCC_WARN_ABOUT_RETURN_TYPE = YES;
				GCC_WARN_UNINITIALIZED_AUTOS = YES;
				GCC_WARN_UNUSED_VARIABLE = YES;
				IPHONEOS_DEPLOYMENT_TARGET = 6.0;
				ONLY_ACTIVE_ARCH = YES;
				SDKROOT = iphoneos;
			};
			name = Debug;
		};
		F7A9371F1702603D009E5FCA /* Release */ = {
			isa = XCBuildConfiguration;
			buildSettings = {
				ALWAYS_SEARCH_USER_PATHS = NO;
				CLANG_CXX_LANGUAGE_STANDARD = "gnu++0x";
				CLANG_CXX_LIBRARY = "libc++";
				CLANG_ENABLE_OBJC_ARC = YES;
				CLANG_WARN_CONSTANT_CONVERSION = YES;
				CLANG_WARN_EMPTY_BODY = YES;
				CLANG_WARN_ENUM_CONVERSION = YES;
				CLANG_WARN_INT_CONVERSION = YES;
				CLANG_WARN__DUPLICATE_METHOD_MATCH = YES;
				"CODE_SIGN_IDENTITY[sdk=iphoneos*]" = "iPhone Developer";
				COPY_PHASE_STRIP = YES;
				GCC_C_LANGUAGE_STANDARD = gnu99;
				GCC_WARN_ABOUT_RETURN_TYPE = YES;
				GCC_WARN_UNINITIALIZED_AUTOS = YES;
				GCC_WARN_UNUSED_VARIABLE = YES;
				IPHONEOS_DEPLOYMENT_TARGET = 6.0;
				OTHER_CFLAGS = "-DNS_BLOCK_ASSERTIONS=1";
				SDKROOT = iphoneos;
				VALIDATE_PRODUCT = YES;
			};
			name = Release;
		};
		F7A937211702603D009E5FCA /* Debug */ = {
			isa = XCBuildConfiguration;
			buildSettings = {
				GCC_PRECOMPILE_PREFIX_HEADER = YES;
				GCC_PREFIX_HEADER = "ShareTexts/ShareTexts-Prefix.pch";
				GCC_PREPROCESSOR_DEFINITIONS = "";
				INFOPLIST_FILE = "ShareTexts/ShareTexts-Info.plist";
				IPHONEOS_DEPLOYMENT_TARGET = 6.0;
				PRODUCT_NAME = "$(TARGET_NAME)";
				WRAPPER_EXTENSION = app;
			};
			name = Debug;
		};
		F7A937221702603D009E5FCA /* Release */ = {
			isa = XCBuildConfiguration;
			buildSettings = {
				GCC_PRECOMPILE_PREFIX_HEADER = YES;
				GCC_PREFIX_HEADER = "ShareTexts/ShareTexts-Prefix.pch";
				INFOPLIST_FILE = "ShareTexts/ShareTexts-Info.plist";
				IPHONEOS_DEPLOYMENT_TARGET = 6.0;
				PRODUCT_NAME = "$(TARGET_NAME)";
				WRAPPER_EXTENSION = app;
			};
			name = Release;
		};
/* End XCBuildConfiguration section */

/* Begin XCConfigurationList section */
		F7A936ED1702603D009E5FCA /* Build configuration list for PBXProject "ShareTexts" */ = {
			isa = XCConfigurationList;
			buildConfigurations = (
				F7A9371E1702603D009E5FCA /* Debug */,
				F7A9371F1702603D009E5FCA /* Release */,
			);
			defaultConfigurationIsVisible = 0;
			defaultConfigurationName = Release;
		};
		F7A937201702603D009E5FCA /* Build configuration list for PBXNativeTarget "ShareTexts" */ = {
			isa = XCConfigurationList;
			buildConfigurations = (
				F7A937211702603D009E5FCA /* Debug */,
				F7A937221702603D009E5FCA /* Release */,
			);
			defaultConfigurationIsVisible = 0;
			defaultConfigurationName = Release;
		};
/* End XCConfigurationList section */
	};
	rootObject = F7A936EA1702603D009E5FCA /* Project object */;
}
